
Microsoft Visual Studio Solution File, Format Version 12.00
# Visual Studio Version 17
VisualStudioVersion = 17.7.34009.444
MinimumVisualStudioVersion = 10.0.40219.1
Project("{FAE04EC0-301F-11D3-BF4B-00C04F79EFBC}") = "ExamenAPI_JoselinM", "ExamenAPI_JoselinM\ExamenAPI_JoselinM.csproj", "{723008CA-9E1B-40F7-9B54-79FE2F59685D}"
EndProject
Global
	GlobalSection(SolutionConfigurationPlatforms) = preSolution
		Debug|Any CPU = Debug|Any CPU
		Release|Any CPU = Release|Any CPU
	EndGlobalSection
	GlobalSection(ProjectConfigurationPlatforms) = postSolution
		{723008CA-9E1B-40F7-9B54-79FE2F59685D}.Debug|Any CPU.ActiveCfg = Debug|Any CPU
		{723008CA-9E1B-40F7-9B54-79FE2F59685D}.Debug|Any CPU.Build.0 = Debug|Any CPU
		{723008CA-9E1B-40F7-9B54-79FE2F59685D}.Release|Any CPU.ActiveCfg = Release|Any CPU
		{723008CA-9E1B-40F7-9B54-79FE2F59685D}.Release|Any CPU.Build.0 = Release|Any CPU
	EndGlobalSection
	GlobalSection(SolutionProperties) = preSolution
		HideSolutionNode = FALSE
	EndGlobalSection
	GlobalSection(ExtensibilityGlobals) = postSolution
		SolutionGuid = {D2962A53-1828-429C-AF91-593C5C3CCDEC}
	EndGlobalSection
EndGlobal
